lockfileVersion: '6.0'

settings:
  autoInstallPeers: true
  excludeLinksFromLockfile: false

dependencies:
  '@tanstack/react-query':
    specifier: ^5.8.4
    version: 5.8.4(react-dom@18.2.0)(react@18.2.0)
  '@trpc/client':
    specifier: ^10.43.6
    version: 10.43.6(@trpc/server@10.43.6)
  '@trpc/react-query':
    specifier: ^10.43.6
    version: 10.43.6(@tanstack/react-query@5.8.4)(@trpc/client@10.43.6)(@trpc/server@10.43.6)(react-dom@18.2.0)(react@18.2.0)
  '@trpc/server':
    specifier: ^10.43.6
    version: 10.43.6
  next:
    specifier: latest
    version: 14.0.3(react-dom@18.2.0)(react@18.2.0)
  react:
    specifier: ^18.2.0
    version: 18.2.0
  react-dom:
    specifier: ^18.2.0
    version: 18.2.0(react@18.2.0)
  superjson:
    specifier: ^2.2.1
    version: 2.2.1

devDependencies:
  '@types/node':
    specifier: 20.8.10
    version: 20.8.10
  '@types/react':
    specifier: 18.2.33
    version: 18.2.33
  '@types/react-dom':
    specifier: 18.2.14
    version: 18.2.14
  typescript:
    specifier: ^5.2.2
    version: 5.3.2

packages:

  /@next/env@14.0.3:
    resolution: {integrity: sha512-7xRqh9nMvP5xrW4/+L0jgRRX+HoNRGnfJpD+5Wq6/13j3dsdzxO3BCXn7D3hMqsDb+vjZnJq+vI7+EtgrYZTeA==}
    dev: false

  /@next/swc-darwin-arm64@14.0.3:
    resolution: {integrity: sha512-64JbSvi3nbbcEtyitNn2LEDS/hcleAFpHdykpcnrstITFlzFgB/bW0ER5/SJJwUPj+ZPY+z3e+1jAfcczRLVGw==}
    engines: {node: '>= 10'}
    cpu: [arm64]
    os: [darwin]
    requiresBuild: true
    dev: false
    optional: true

  /@next/swc-darwin-x64@14.0.3:
    resolution: {integrity: sha512-RkTf+KbAD0SgYdVn1XzqE/+sIxYGB7NLMZRn9I4Z24afrhUpVJx6L8hsRnIwxz3ERE2NFURNliPjJ2QNfnWicQ==}
    engines: {node: '>= 10'}
    cpu: [x64]
    os: [darwin]
    requiresBuild: true
    dev: false
    optional: true

  /@next/swc-linux-arm64-gnu@14.0.3:
    resolution: {integrity: sha512-3tBWGgz7M9RKLO6sPWC6c4pAw4geujSwQ7q7Si4d6bo0l6cLs4tmO+lnSwFp1Tm3lxwfMk0SgkJT7EdwYSJvcg==}
    engines: {node: '>= 10'}
    cpu: [arm64]
    os: [linux]
    requiresBuild: true
    dev: false
    optional: true

  /@next/swc-linux-arm64-musl@14.0.3:
    resolution: {integrity: sha512-v0v8Kb8j8T23jvVUWZeA2D8+izWspeyeDGNaT2/mTHWp7+37fiNfL8bmBWiOmeumXkacM/AB0XOUQvEbncSnHA==}
    engines: {node: '>= 10'}
    cpu: [arm64]
    os: [linux]
    requiresBuild: true
    dev: false
    optional: true

  /@next/swc-linux-x64-gnu@14.0.3:
    resolution: {integrity: sha512-VM1aE1tJKLBwMGtyBR21yy+STfl0MapMQnNrXkxeyLs0GFv/kZqXS5Jw/TQ3TSUnbv0QPDf/X8sDXuMtSgG6eg==}
    engines: {node: '>= 10'}
    cpu: [x64]
    os: [linux]
    requiresBuild: true
    dev: false
    optional: true

  /@next/swc-linux-x64-musl@14.0.3:
    resolution: {integrity: sha512-64EnmKy18MYFL5CzLaSuUn561hbO1Gk16jM/KHznYP3iCIfF9e3yULtHaMy0D8zbHfxset9LTOv6cuYKJgcOxg==}
    engines: {node: '>= 10'}
    cpu: [x64]
    os: [linux]
    requiresBuild: true
    dev: false
    optional: true

  /@next/swc-win32-arm64-msvc@14.0.3:
    resolution: {integrity: sha512-WRDp8QrmsL1bbGtsh5GqQ/KWulmrnMBgbnb+59qNTW1kVi1nG/2ndZLkcbs2GX7NpFLlToLRMWSQXmPzQm4tog==}
    engines: {node: '>= 10'}
    cpu: [arm64]
    os: [win32]
    requiresBuild: true
    dev: false
    optional: true

  /@next/swc-win32-ia32-msvc@14.0.3:
    resolution: {integrity: sha512-EKffQeqCrj+t6qFFhIFTRoqb2QwX1mU7iTOvMyLbYw3QtqTw9sMwjykyiMlZlrfm2a4fA84+/aeW+PMg1MjuTg==}
    engines: {node: '>= 10'}
    cpu: [ia32]
    os: [win32]
    requiresBuild: true
    dev: false
    optional: true

  /@next/swc-win32-x64-msvc@14.0.3:
    resolution: {integrity: sha512-ERhKPSJ1vQrPiwrs15Pjz/rvDHZmkmvbf/BjPN/UCOI++ODftT0GtasDPi0j+y6PPJi5HsXw+dpRaXUaw4vjuQ==}
    engines: {node: '>= 10'}
    cpu: [x64]
    os: [win32]
    requiresBuild: true
    dev: false
    optional: true

  /@swc/helpers@0.5.2:
    resolution: {integrity: sha512-E4KcWTpoLHqwPHLxidpOqQbcrZVgi0rsmmZXUle1jXmJfuIf/UWpczUJ7MZZ5tlxytgJXyp0w4PGkkeLiuIdZw==}
    dependencies:
      tslib: 2.6.2
    dev: false

  /@tanstack/query-core@5.8.3:
    resolution: {integrity: sha512-SWFMFtcHfttLYif6pevnnMYnBvxKf3C+MHMH7bevyYfpXpTMsLB9O6nNGBdWSoPwnZRXFNyNeVZOw25Wmdasow==}
    dev: false

  /@tanstack/react-query@5.8.4(react-dom@18.2.0)(react@18.2.0):
    resolution: {integrity: sha512-CD+AkXzg8J72JrE6ocmuBEJfGzEzu/bzkD6sFXFDDB5yji9N20JofXZlN6n0+CaPJuIi+e4YLCbGsyPFKkfNQA==}
    peerDependencies:
      react: ^18.0.0
      react-dom: ^18.0.0
      react-native: '*'
    peerDependenciesMeta:
      react-dom:
        optional: true
      react-native:
        optional: true
    dependencies:
      '@tanstack/query-core': 5.8.3
      react: 18.2.0
      react-dom: 18.2.0(react@18.2.0)
    dev: false

  /@trpc/client@10.43.6(@trpc/server@10.43.6):
    resolution: {integrity: sha512-gQSxCQgPeBn/wqBEScu5Nq9UKqA16e965vWBj+BbdvI4URV72T44/yg0cl/E6xtBgycCVwdzwn7CuZaM8FA/VQ==}
    peerDependencies:
      '@trpc/server': 10.43.6
    dependencies:
      '@trpc/server': 10.43.6
    dev: false

  /@trpc/react-query@10.43.6(@tanstack/react-query@5.8.4)(@trpc/client@10.43.6)(@trpc/server@10.43.6)(react-dom@18.2.0)(react@18.2.0):
    resolution: {integrity: sha512-Twf0/wvcrDwmaJ6OLf0YVNwiv8+gtoSFyKYqe+5lMkFtUYSl+4KGvSqiN9ynbnofHCvuPgjJmjdS8pxYkcWxCw==}
    peerDependencies:
      '@tanstack/react-query': ^4.18.0
      '@trpc/client': 10.43.6
      '@trpc/server': 10.43.6
      react: '>=16.8.0'
      react-dom: '>=16.8.0'
    dependencies:
      '@tanstack/react-query': 5.8.4(react-dom@18.2.0)(react@18.2.0)
      '@trpc/client': 10.43.6(@trpc/server@10.43.6)
      '@trpc/server': 10.43.6
      react: 18.2.0
      react-dom: 18.2.0(react@18.2.0)
    dev: false

  /@trpc/server@10.43.6:
    resolution: {integrity: sha512-ziN7UXGAycxe4i3FwJstTe6jzCcKBlPociCrC9XtfPzFpMTf0hNbRQQlFiZjJk23ZGQSVYDjk9RO4yIHt94mJg==}
    engines: {node: '>=18.0.0'}
    dev: false

  /@types/node@20.8.10:
    resolution: {integrity: sha512-TlgT8JntpcbmKUFzjhsyhGfP2fsiz1Mv56im6enJ905xG1DAYesxJaeSbGqQmAw8OWPdhyJGhGSQGKRNJ45u9w==}
    dependencies:
      undici-types: 5.26.5
    dev: true

  /@types/prop-types@15.7.11:
    resolution: {integrity: sha512-ga8y9v9uyeiLdpKddhxYQkxNDrfvuPrlFb0N1qnZZByvcElJaXthF1UhvCh9TLWJBEHeNtdnbysW7Y6Uq8CVng==}
    dev: true

  /@types/react-dom@18.2.14:
    resolution: {integrity: sha512-V835xgdSVmyQmI1KLV2BEIUgqEuinxp9O4G6g3FqO/SqLac049E53aysv0oEFD2kHfejeKU+ZqL2bcFWj9gLAQ==}
    dependencies:
      '@types/react': 18.2.33
    dev: true

  /@types/react@18.2.33:
    resolution: {integrity: sha512-v+I7S+hu3PIBoVkKGpSYYpiBT1ijqEzWpzQD62/jm4K74hPpSP7FF9BnKG6+fg2+62weJYkkBWDJlZt5JO/9hg==}
    dependencies:
      '@types/prop-types': 15.7.11
      '@types/scheduler': 0.16.7
      csstype: 3.1.2
    dev: true

  /@types/scheduler@0.16.7:
    resolution: {integrity: sha512-8g25Nl3AuB1KulTlSUsUhUo/oBgBU6XIXQ+XURpeioEbEJvkO7qI4vDfREv3vJYHHzqXjcAHvoJy4pTtSQNZtA==}
    dev: true

  /busboy@1.6.0:
    resolution: {integrity: sha512-8SFQbg/0hQ9xy3UNTB0YEnsNBbWfhf7RtnzpL7TkBiTBRfrQ9Fxcnz7VJsleJpyp6rVLvXiuORqjlHi5q+PYuA==}
    engines: {node: '>=10.16.0'}
    dependencies:
      streamsearch: 1.1.0
    dev: false

  /caniuse-lite@1.0.30001563:
    resolution: {integrity: sha512-na2WUmOxnwIZtwnFI2CZ/3er0wdNzU7hN+cPYz/z2ajHThnkWjNBOpEPP4n+4r2WPM847JaMotaJE3bnfzjyKw==}
    dev: false

  /client-only@0.0.1:
    resolution: {integrity: sha512-IV3Ou0jSMzZrd3pZ48nLkT9DA7Ag1pnPzaiQhpW7c3RbcqqzvzzVu+L8gfqMp/8IM2MQtSiqaCxrrcfu8I8rMA==}
    dev: false

  /copy-anything@3.0.5:
    resolution: {integrity: sha512-yCEafptTtb4bk7GLEQoM8KVJpxAfdBJYaXyzQEgQQQgYrZiDp8SJmGKlYza6CYjEDNstAdNdKA3UuoULlEbS6w==}
    engines: {node: '>=12.13'}
    dependencies:
      is-what: 4.1.16
    dev: false

  /csstype@3.1.2:
    resolution: {integrity: sha512-I7K1Uu0MBPzaFKg4nI5Q7Vs2t+3gWWW648spaF+Rg7pI9ds18Ugn+lvg4SHczUdKlHI5LWBXyqfS8+DufyBsgQ==}
    dev: true

  /glob-to-regexp@0.4.1:
    resolution: {integrity: sha512-lkX1HJXwyMcprw/5YUZc2s7DrpAiHB21/V+E1rHUrVNokkvB6bqMzT0VfV6/86ZNabt1k14YOIaT7nDvOX3Iiw==}
    dev: false

  /graceful-fs@4.2.11:
    resolution: {integrity: sha512-RbJ5/jmFcNNCcDV5o9eTnBLJ/HszWV0P73bc+Ff4nS/rJj+YaS6IGyiOL0VoBYX+l1Wrl3k63h/KrH+nhJ0XvQ==}
    dev: false

  /is-what@4.1.16:
    resolution: {integrity: sha512-ZhMwEosbFJkA0YhFnNDgTM4ZxDRsS6HqTo7qsZM08fehyRYIYa0yHu5R6mgo1n/8MgaPBXiPimPD77baVFYg+A==}
    engines: {node: '>=12.13'}
    dev: false

  /js-tokens@4.0.0:
    resolution: {integrity: sha512-RdJUflcE3cUzKiMqQgsCu06FPu9UdIJO0beYbPhHN4k6apgJtifcoCtT9bcxOpYBtpD2kCM6Sbzg4CausW/PKQ==}
    dev: false

  /loose-envify@1.4.0:
    resolution: {integrity: sha512-lyuxPGr/Wfhrlem2CL/UcnUc1zcqKAImBDzukY7Y5F/yQiNdko6+fRLevlw1HgMySw7f611UIY408EtxRSoK3Q==}
    hasBin: true
    dependencies:
      js-tokens: 4.0.0
    dev: false

  /nanoid@3.3.7:
    resolution: {integrity: sha512-eSRppjcPIatRIMC1U6UngP8XFcz8MQWGQdt1MTBQ7NaAmvXDfvNxbvWV3x2y6CdEUciCSsDHDQZbhYaB8QEo2g==}
    engines: {node: ^10 || ^12 || ^13.7 || ^14 || >=15.0.1}
    hasBin: true
    dev: false

  /next@14.0.3(react-dom@18.2.0)(react@18.2.0):
    resolution: {integrity: sha512-AbYdRNfImBr3XGtvnwOxq8ekVCwbFTv/UJoLwmaX89nk9i051AEY4/HAWzU0YpaTDw8IofUpmuIlvzWF13jxIw==}
    engines: {node: '>=18.17.0'}
    hasBin: true
    peerDependencies:
      '@opentelemetry/api': ^1.1.0
      react: ^18.2.0
      react-dom: ^18.2.0
      sass: ^1.3.0
    peerDependenciesMeta:
      '@opentelemetry/api':
        optional: true
      sass:
        optional: true
    dependencies:
      '@next/env': 14.0.3
      '@swc/helpers': 0.5.2
      busboy: 1.6.0
      caniuse-lite: 1.0.30001563
      postcss: 8.4.31
      react: 18.2.0
      react-dom: 18.2.0(react@18.2.0)
      styled-jsx: 5.1.1(react@18.2.0)
      watchpack: 2.4.0
    optionalDependencies:
      '@next/swc-darwin-arm64': 14.0.3
      '@next/swc-darwin-x64': 14.0.3
      '@next/swc-linux-arm64-gnu': 14.0.3
      '@next/swc-linux-arm64-musl': 14.0.3
      '@next/swc-linux-x64-gnu': 14.0.3
      '@next/swc-linux-x64-musl': 14.0.3
      '@next/swc-win32-arm64-msvc': 14.0.3
      '@next/swc-win32-ia32-msvc': 14.0.3
      '@next/swc-win32-x64-msvc': 14.0.3
    transitivePeerDependencies:
      - '@babel/core'
      - babel-plugin-macros
    dev: false

  /picocolors@1.0.0:
    resolution: {integrity: sha512-1fygroTLlHu66zi26VoTDv8yRgm0Fccecssto+MhsZ0D/DGW2sm8E8AjW7NU5VVTRt5GxbeZ5qBuJr+HyLYkjQ==}
    dev: false

  /postcss@8.4.31:
    resolution: {integrity: sha512-PS08Iboia9mts/2ygV3eLpY5ghnUcfLV/EXTOW1E2qYxJKGGBUtNjN76FYHnMs36RmARn41bC0AZmn+rR0OVpQ==}
    engines: {node: ^10 || ^12 || >=14}
    dependencies:
      nanoid: 3.3.7
      picocolors: 1.0.0
      source-map-js: 1.0.2
    dev: false

  /react-dom@18.2.0(react@18.2.0):
    resolution: {integrity: sha512-6IMTriUmvsjHUjNtEDudZfuDQUoWXVxKHhlEGSk81n4YFS+r/Kl99wXiwlVXtPBtJenozv2P+hxDsw9eA7Xo6g==}
    peerDependencies:
      react: ^18.2.0
    dependencies:
      loose-envify: 1.4.0
      react: 18.2.0
      scheduler: 0.23.0
    dev: false

  /react@18.2.0:
    resolution: {integrity: sha512-/3IjMdb2L9QbBdWiW5e3P2/npwMBaU9mHCSCUzNln0ZCYbcfTsGbTJrU/kGemdH2IWmB2ioZ+zkxtmq6g09fGQ==}
    engines: {node: '>=0.10.0'}
    dependencies:
      loose-envify: 1.4.0
    dev: false

  /scheduler@0.23.0:
    resolution: {integrity: sha512-CtuThmgHNg7zIZWAXi3AsyIzA3n4xx7aNyjwC2VJldO2LMVDhFK+63xGqq6CsJH4rTAt6/M+N4GhZiDYPx9eUw==}
    dependencies:
      loose-envify: 1.4.0
    dev: false

  /source-map-js@1.0.2:
    resolution: {integrity: sha512-R0XvVJ9WusLiqTCEiGCmICCMplcCkIwwR11mOSD9CR5u+IXYdiseeEuXCVAjS54zqwkLcPNnmU4OeJ6tUrWhDw==}
    engines: {node: '>=0.10.0'}
    dev: false

  /streamsearch@1.1.0:
    resolution: {integrity: sha512-Mcc5wHehp9aXz1ax6bZUyY5afg9u2rv5cqQI3mRrYkGC8rW2hM02jWuwjtL++LS5qinSyhj2QfLyNsuc+VsExg==}
    engines: {node: '>=10.0.0'}
    dev: false

  /styled-jsx@5.1.1(react@18.2.0):
    resolution: {integrity: sha512-pW7uC1l4mBZ8ugbiZrcIsiIvVx1UmTfw7UkC3Um2tmfUq9Bhk8IiyEIPl6F8agHgjzku6j0xQEZbfA5uSgSaCw==}
    engines: {node: '>= 12.0.0'}
    peerDependencies:
      '@babel/core': '*'
      babel-plugin-macros: '*'
      react: '>= 16.8.0 || 17.x.x || ^18.0.0-0'
    peerDependenciesMeta:
      '@babel/core':
        optional: true
      babel-plugin-macros:
        optional: true
    dependencies:
      client-only: 0.0.1
      react: 18.2.0
    dev: false

  /superjson@2.2.1:
    resolution: {integrity: sha512-8iGv75BYOa0xRJHK5vRLEjE2H/i4lulTjzpUXic3Eg8akftYjkmQDa8JARQ42rlczXyFR3IeRoeFCc7RxHsYZA==}
    engines: {node: '>=16'}
    dependencies:
      copy-anything: 3.0.5
    dev: false

  /tslib@2.6.2:
    resolution: {integrity: sha512-AEYxH93jGFPn/a2iVAwW87VuUIkR1FVUKB77NwMF7nBTDkDrrT/Hpt/IrCJ0QXhW27jTBDcf5ZY7w6RiqTMw2Q==}
    dev: false

  /typescript@5.3.2:
    resolution: {integrity: sha512-6l+RyNy7oAHDfxC4FzSJcz9vnjTKxrLpDG5M2Vu4SHRVNg6xzqZp6LYSR9zjqQTu8DU/f5xwxUdADOkbrIX2gQ==}
    engines: {node: '>=14.17'}
    hasBin: true
    dev: true

  /undici-types@5.26.5:
    resolution: {integrity: sha512-JlCMO+ehdEIKqlFxk6IfVoAUVmgz7cU7zD/h9XZ0qzeosSHmUJVOzSQvvYSYWXkFXC+IfLKSIffhv0sVZup6pA==}
    dev: true

  /watchpack@2.4.0:
    resolution: {integrity: sha512-Lcvm7MGST/4fup+ifyKi2hjyIAwcdI4HRgtvTpIUxBRhB+RFtUh8XtDOxUfctVCnhVi+QQj49i91OyvzkJl6cg==}
    engines: {node: '>=10.13.0'}
    dependencies:
      glob-to-regexp: 0.4.1
      graceful-fs: 4.2.11
    dev: false
